<?xml version="1.0" encoding="utf-8"?>
<Project ToolsVersion="4.0" xmlns="http://schemas.microsoft.com/developer/msbuild/2003">
  <ItemGroup>
    <Filter Include="源文件">
      <UniqueIdentifier>{4FC737F1-C7A5-4376-A066-2A32D752A2FF}</UniqueIdentifier>
      <Extensions>cpp;c;cc;cxx;def;odl;idl;hpj;bat;asm;asmx</Extensions>
    </Filter>
    <Filter Include="头文件">
      <UniqueIdentifier>{93995380-89BD-4b04-88EB-625FBE52EBFB}</UniqueIdentifier>
      <Extensions>h;hh;hpp;hxx;hm;inl;inc;ipp;xsd</Extensions>
    </Filter>
    <Filter Include="资源文件">
      <UniqueIdentifier>{67DA6AB6-F800-4c08-8B7A-83BB121AAD01}</UniqueIdentifier>
      <Extensions>rc;ico;cur;bmp;dlg;rc2;rct;bin;rgs;gif;jpg;jpeg;jpe;resx;tiff;tif;png;wav;mfcribbon-ms</Extensions>
    </Filter>
    <Filter Include="资源文件\template">
      <UniqueIdentifier>{11403173-2793-41c1-a73e-b3846d1e6ae0}</UniqueIdentifier>
    </Filter>
    <Filter Include="资源文件\tests">
      <UniqueIdentifier>{118bd8ee-92bf-4acf-8b1a-acf62f9597e6}</UniqueIdentifier>
    </Filter>
    <Filter Include="资源文件\pylib">
      <UniqueIdentifier>{7a407203-81d6-40ca-aa1b-efd3f0943592}</UniqueIdentifier>
    </Filter>
  </ItemGroup>
  <ItemGroup>
    <ClInclude Include="stdafx.h">
      <Filter>头文件</Filter>
    </ClInclude>
    <ClInclude Include="targetver.h">
      <Filter>头文件</Filter>
    </ClInclude>
    <ClInclude Include="include\Tokenizer.h">
      <Filter>头文件</Filter>
    </ClInclude>
    <ClInclude Include="include\SourcePos.h">
      <Filter>头文件</Filter>
    </ClInclude>
    <ClInclude Include="include\Util.h">
      <Filter>头文件</Filter>
    </ClInclude>
    <ClInclude Include="include\TokenDef.h">
      <Filter>头文件</Filter>
    </ClInclude>
    <ClInclude Include="include\CompileError.h">
      <Filter>头文件</Filter>
    </ClInclude>
    <ClInclude Include="include\CastAST.h">
      <Filter>头文件</Filter>
    </ClInclude>
    <ClInclude Include="include\Metadata.h">
      <Filter>头文件</Filter>
    </ClInclude>
    <ClInclude Include="include\abort.h">
      <Filter>头文件</Filter>
    </ClInclude>
    <ClInclude Include="include\TemplateUtil.h">
      <Filter>头文件</Filter>
    </ClInclude>
    <ClInclude Include="include\BdAST.h">
      <Filter>头文件</Filter>
    </ClInclude>
    <ClInclude Include="include\OpEnums.h">
      <Filter>头文件</Filter>
    </ClInclude>
    <ClInclude Include="include\BindingUtil.h">
      <Filter>头文件</Filter>
    </ClInclude>
    <ClInclude Include="include\LibDef.h">
      <Filter>头文件</Filter>
    </ClInclude>
  </ItemGroup>
  <ItemGroup>
    <ClCompile Include="stdafx.cpp">
      <Filter>源文件</Filter>
    </ClCompile>
    <ClCompile Include="Birdee.cpp">
      <Filter>源文件</Filter>
    </ClCompile>
  </ItemGroup>
  <ItemGroup>
    <Text Include="llvm.txt">
      <Filter>资源文件</Filter>
    </Text>
    <Text Include="..\BirdeeHome\src\birdee.txt">
      <Filter>资源文件</Filter>
    </Text>
    <Text Include="..\BirdeeHome\src\test.txt">
      <Filter>资源文件</Filter>
    </Text>
    <Text Include="..\BirdeeHome\src\test2.txt">
      <Filter>资源文件</Filter>
    </Text>
    <Text Include="..\BirdeeHome\src\compile_name_checking_test.txt">
      <Filter>资源文件</Filter>
    </Text>
    <Text Include="..\BirdeeHome\src\templates.txt">
      <Filter>资源文件\template</Filter>
    </Text>
    <Text Include="..\BirdeeHome\src\template_user_lib.txt">
      <Filter>资源文件\template</Filter>
    </Text>
    <Text Include="..\BirdeeHome\src\template_test.txt">
      <Filter>资源文件\template</Filter>
    </Text>
  </ItemGroup>
  <ItemGroup>
    <None Include="..\tests\ast_write_test.py">
      <Filter>资源文件\tests</Filter>
    </None>
    <None Include="..\tests\scripttest.py">
      <Filter>资源文件\tests</Filter>
    </None>
    <None Include="..\BirdeeHome\bin\pylib\getset.py">
      <Filter>资源文件\pylib</Filter>
    </None>
    <None Include="..\tests\getset_test.py">
      <Filter>资源文件\tests</Filter>
    </None>
  </ItemGroup>
</Project>